// !$*UTF8*$!
{
	archiveVersion = 1;
	classes = {
	};
	objectVersion = 56;
	objects = {

/* Begin PBXBuildFile section */
		38B342AC2C431FC300431AD0 /* ComicsAppApp.swift in Sources */ = {isa = PBXBuildFile; fileRef = 38B342AB2C431FC300431AD0 /* ComicsAppApp.swift */; };
		38B342B02C431FC600431AD0 /* Assets.xcassets in Resources */ = {isa = PBXBuildFile; fileRef = 38B342AF2C431FC600431AD0 /* Assets.xcassets */; };
		38B342B32C431FC600431AD0 /* Preview Assets.xcassets in Resources */ = {isa = PBXBuildFile; fileRef = 38B342B22C431FC600431AD0 /* Preview Assets.xcassets */; };
		38B342BA2C43201D00431AD0 /* CreateAccountView.swift in Sources */ = {isa = PBXBuildFile; fileRef = 38B342B92C43201D00431AD0 /* CreateAccountView.swift */; };
		38B342BC2C43204500431AD0 /* HomeView.swift in Sources */ = {isa = PBXBuildFile; fileRef = 38B342BB2C43204500431AD0 /* HomeView.swift */; };
		38B342BE2C43208200431AD0 /* LoginView.swift in Sources */ = {isa = PBXBuildFile; fileRef = 38B342BD2C43208200431AD0 /* LoginView.swift */; };
		38B342C22C43321000431AD0 /* GoogleService-Info.plist in Resources */ = {isa = PBXBuildFile; fileRef = 38B342C12C43321000431AD0 /* GoogleService-Info.plist */; };
		38B342C52C4332AA00431AD0 /* FirebaseAnalytics in Frameworks */ = {isa = PBXBuildFile; productRef = 38B342C42C4332AA00431AD0 /* FirebaseAnalytics */; };
		38B342C72C4332AA00431AD0 /* FirebaseAnalyticsOnDeviceConversion in Frameworks */ = {isa = PBXBuildFile; productRef = 38B342C62C4332AA00431AD0 /* FirebaseAnalyticsOnDeviceConversion */; };
		38B342C92C4332AA00431AD0 /* FirebaseAnalyticsSwift in Frameworks */ = {isa = PBXBuildFile; productRef = 38B342C82C4332AA00431AD0 /* FirebaseAnalyticsSwift */; };
		38B342CB2C4332AA00431AD0 /* FirebaseAnalyticsWithoutAdIdSupport in Frameworks */ = {isa = PBXBuildFile; productRef = 38B342CA2C4332AA00431AD0 /* FirebaseAnalyticsWithoutAdIdSupport */; };
		38B342CD2C4332AA00431AD0 /* FirebaseAppCheck in Frameworks */ = {isa = PBXBuildFile; productRef = 38B342CC2C4332AA00431AD0 /* FirebaseAppCheck */; };
		38B342CF2C4332AA00431AD0 /* FirebaseAppDistribution-Beta in Frameworks */ = {isa = PBXBuildFile; productRef = 38B342CE2C4332AA00431AD0 /* FirebaseAppDistribution-Beta */; };
		38B342D12C4332AA00431AD0 /* FirebaseAuth in Frameworks */ = {isa = PBXBuildFile; productRef = 38B342D02C4332AA00431AD0 /* FirebaseAuth */; };
		38B342D32C4332AA00431AD0 /* FirebaseAuthCombine-Community in Frameworks */ = {isa = PBXBuildFile; productRef = 38B342D22C4332AA00431AD0 /* FirebaseAuthCombine-Community */; };
		38B342D52C4332AA00431AD0 /* FirebaseCrashlytics in Frameworks */ = {isa = PBXBuildFile; productRef = 38B342D42C4332AA00431AD0 /* FirebaseCrashlytics */; };
		38B342D72C4332AA00431AD0 /* FirebaseDatabase in Frameworks */ = {isa = PBXBuildFile; productRef = 38B342D62C4332AA00431AD0 /* FirebaseDatabase */; };
		38B342D92C4332AA00431AD0 /* FirebaseDatabaseSwift in Frameworks */ = {isa = PBXBuildFile; productRef = 38B342D82C4332AA00431AD0 /* FirebaseDatabaseSwift */; };
		38B342DC2C4335BA00431AD0 /* String.swift in Sources */ = {isa = PBXBuildFile; fileRef = 38B342DB2C4335BA00431AD0 /* String.swift */; };
/* End PBXBuildFile section */

/* Begin PBXFileReference section */
		38B342A82C431FC300431AD0 /* ComicsApp.app */ = {isa = PBXFileReference; explicitFileType = wrapper.application; includeInIndex = 0; path = ComicsApp.app; sourceTree = BUILT_PRODUCTS_DIR; };
		38B342AB2C431FC300431AD0 /* ComicsAppApp.swift */ = {isa = PBXFileReference; lastKnownFileType = sourcecode.swift; path = ComicsAppApp.swift; sourceTree = "<group>"; };
		38B342AF2C431FC600431AD0 /* Assets.xcassets */ = {isa = PBXFileReference; lastKnownFileType = folder.assetcatalog; path = Assets.xcassets; sourceTree = "<group>"; };
		38B342B22C431FC600431AD0 /* Preview Assets.xcassets */ = {isa = PBXFileReference; lastKnownFileType = folder.assetcatalog; path = "Preview Assets.xcassets"; sourceTree = "<group>"; };
		38B342B92C43201D00431AD0 /* CreateAccountView.swift */ = {isa = PBXFileReference; lastKnownFileType = sourcecode.swift; path = CreateAccountView.swift; sourceTree = "<group>"; };
		38B342BB2C43204500431AD0 /* HomeView.swift */ = {isa = PBXFileReference; lastKnownFileType = sourcecode.swift; path = HomeView.swift; sourceTree = "<group>"; };
		38B342BD2C43208200431AD0 /* LoginView.swift */ = {isa = PBXFileReference; lastKnownFileType = sourcecode.swift; path = LoginView.swift; sourceTree = "<group>"; };
		38B342C12C43321000431AD0 /* GoogleService-Info.plist */ = {isa = PBXFileReference; fileEncoding = 4; lastKnownFileType = text.plist.xml; path = "GoogleService-Info.plist"; sourceTree = "<group>"; };
		38B342DB2C4335BA00431AD0 /* String.swift */ = {isa = PBXFileReference; lastKnownFileType = sourcecode.swift; path = String.swift; sourceTree = "<group>"; };
/* End PBXFileReference section */

/* Begin PBXFrameworksBuildPhase section */
		38B342A52C431FC300431AD0 /* Frameworks */ = {
			isa = PBXFrameworksBuildPhase;
			buildActionMask = 2147483647;
			files = (
				38B342D72C4332AA00431AD0 /* FirebaseDatabase in Frameworks */,
				38B342C92C4332AA00431AD0 /* FirebaseAnalyticsSwift in Frameworks */,
				38B342C52C4332AA00431AD0 /* FirebaseAnalytics in Frameworks */,
				38B342C72C4332AA00431AD0 /* FirebaseAnalyticsOnDeviceConversion in Frameworks */,
				38B342CD2C4332AA00431AD0 /* FirebaseAppCheck in Frameworks */,
				38B342CB2C4332AA00431AD0 /* FirebaseAnalyticsWithoutAdIdSupport in Frameworks */,
				38B342D12C4332AA00431AD0 /* FirebaseAuth in Frameworks */,
				38B342D52C4332AA00431AD0 /* FirebaseCrashlytics in Frameworks */,
				38B342D92C4332AA00431AD0 /* FirebaseDatabaseSwift in Frameworks */,
				38B342CF2C4332AA00431AD0 /* FirebaseAppDistribution-Beta in Frameworks */,
				38B342D32C4332AA00431AD0 /* FirebaseAuthCombine-Community in Frameworks */,
			);
			runOnlyForDeploymentPostprocessing = 0;
		};
/* End PBXFrameworksBuildPhase section */

/* Begin PBXGroup section */
		38B3429F2C431FC300431AD0 = {
			isa = PBXGroup;
			children = (
				38B342AA2C431FC300431AD0 /* ComicsApp */,
				38B342A92C431FC300431AD0 /* Products */,
			);
			sourceTree = "<group>";
		};
		38B342A92C431FC300431AD0 /* Products */ = {
			isa = PBXGroup;
			children = (
				38B342A82C431FC300431AD0 /* ComicsApp.app */,
			);
			name = Products;
			sourceTree = "<group>";
		};
		38B342AA2C431FC300431AD0 /* ComicsApp */ = {
			isa = PBXGroup;
			children = (
				38B342DA2C43359000431AD0 /* Extensions */,
				38B342AB2C431FC300431AD0 /* ComicsAppApp.swift */,
				38B342B92C43201D00431AD0 /* CreateAccountView.swift */,
				38B342BB2C43204500431AD0 /* HomeView.swift */,
				38B342BD2C43208200431AD0 /* LoginView.swift */,
				38B342C12C43321000431AD0 /* GoogleService-Info.plist */,
				38B342AF2C431FC600431AD0 /* Assets.xcassets */,
				38B342B12C431FC600431AD0 /* Preview Content */,
			);
			path = ComicsApp;
			sourceTree = "<group>";
		};
		38B342B12C431FC600431AD0 /* Preview Content */ = {
			isa = PBXGroup;
			children = (
				38B342B22C431FC600431AD0 /* Preview Assets.xcassets */,
			);
			path = "Preview Content";
			sourceTree = "<group>";
		};
		38B342DA2C43359000431AD0 /* Extensions */ = {
			isa = PBXGroup;
			children = (
				38B342DB2C4335BA00431AD0 /* String.swift */,
			);
			path = Extensions;
			sourceTree = "<group>";
		};
/* End PBXGroup section */

/* Begin PBXNativeTarget section */
		38B342A72C431FC300431AD0 /* ComicsApp */ = {
			isa = PBXNativeTarget;
			buildConfigurationList = 38B342B62C431FC600431AD0 /* Build configuration list for PBXNativeTarget "ComicsApp" */;
			buildPhases = (
				38B342A42C431FC300431AD0 /* Sources */,
				38B342A52C431FC300431AD0 /* Frameworks */,
				38B342A62C431FC300431AD0 /* Resources */,
			);
			buildRules = (
			);
			dependencies = (
			);
			name = ComicsApp;
			packageProductDependencies = (
				38B342C42C4332AA00431AD0 /* FirebaseAnalytics */,
				38B342C62C4332AA00431AD0 /* FirebaseAnalyticsOnDeviceConversion */,
				38B342C82C4332AA00431AD0 /* FirebaseAnalyticsSwift */,
				38B342CA2C4332AA00431AD0 /* FirebaseAnalyticsWithoutAdIdSupport */,
				38B342CC2C4332AA00431AD0 /* FirebaseAppCheck */,
				38B342CE2C4332AA00431AD0 /* FirebaseAppDistribution-Beta */,
				38B342D02C4332AA00431AD0 /* FirebaseAuth */,
				38B342D22C4332AA00431AD0 /* FirebaseAuthCombine-Community */,
				38B342D42C4332AA00431AD0 /* FirebaseCrashlytics */,
				38B342D62C4332AA00431AD0 /* FirebaseDatabase */,
				38B342D82C4332AA00431AD0 /* FirebaseDatabaseSwift */,
			);
			productName = ComicsApp;
			productReference = 38B342A82C431FC300431AD0 /* ComicsApp.app */;
			productType = "com.apple.product-type.application";
		};
/* End PBXNativeTarget section */

/* Begin PBXProject section */
		38B342A02C431FC300431AD0 /* Project object */ = {
			isa = PBXProject;
			attributes = {
				BuildIndependentTargetsInParallel = 1;
				LastSwiftUpdateCheck = 1520;
				LastUpgradeCheck = 1520;
				TargetAttributes = {
					38B342A72C431FC300431AD0 = {
						CreatedOnToolsVersion = 15.2;
					};
				};
			};
			buildConfigurationList = 38B342A32C431FC300431AD0 /* Build configuration list for PBXProject "ComicsApp" */;
			compatibilityVersion = "Xcode 14.0";
			developmentRegion = en;
			hasScannedForEncodings = 0;
			knownRegions = (
				en,
				Base,
			);
			mainGroup = 38B3429F2C431FC300431AD0;
			packageReferences = (
				38B342C32C4332AA00431AD0 /* XCRemoteSwiftPackageReference "firebase-ios-sdk" */,
			);
			productRefGroup = 38B342A92C431FC300431AD0 /* Products */;
			projectDirPath = "";
			projectRoot = "";
			targets = (
				38B342A72C431FC300431AD0 /* ComicsApp */,
			);
		};
/* End PBXProject section */

/* Begin PBXResourcesBuildPhase section */
		38B342A62C431FC300431AD0 /* Resources */ = {
			isa = PBXResourcesBuildPhase;
			buildActionMask = 2147483647;
			files = (
				38B342B32C431FC600431AD0 /* Preview Assets.xcassets in Resources */,
				38B342B02C431FC600431AD0 /* Assets.xcassets in Resources */,
				38B342C22C43321000431AD0 /* GoogleService-Info.plist in Resources */,
			);
			runOnlyForDeploymentPostprocessing = 0;
		};
/* End PBXResourcesBuildPhase section */

/* Begin PBXSourcesBuildPhase section */
		38B342A42C431FC300431AD0 /* Sources */ = {
			isa = PBXSourcesBuildPhase;
			buildActionMask = 2147483647;
			files = (
				38B342BA2C43201D00431AD0 /* CreateAccountView.swift in Sources */,
				38B342BC2C43204500431AD0 /* HomeView.swift in Sources */,
				38B342DC2C4335BA00431AD0 /* String.swift in Sources */,
				38B342BE2C43208200431AD0 /* LoginView.swift in Sources */,
				38B342AC2C431FC300431AD0 /* ComicsAppApp.swift in Sources */,
			);
			runOnlyForDeploymentPostprocessing = 0;
		};
/* End PBXSourcesBuildPhase section */

/* Begin XCBuildConfiguration section */
		38B342B42C431FC600431AD0 /* Debug */ = {
			isa = XCBuildConfiguration;
			buildSettings = {
				ALWAYS_SEARCH_USER_PATHS = NO;
				ASSETCATALOG_COMPILER_GENERATE_SWIFT_ASSET_SYMBOL_EXTENSIONS = YES;
				CLANG_ANALYZER_NONNULL = YES;
				CLANG_ANALYZER_NUMBER_OBJECT_CONVERSION = YES_AGGRESSIVE;
				CLANG_CXX_LANGUAGE_STANDARD = "gnu++20";
				CLANG_ENABLE_MODULES = YES;
				CLANG_ENABLE_OBJC_ARC = YES;
				CLANG_ENABLE_OBJC_WEAK = YES;
				CLANG_WARN_BLOCK_CAPTURE_AUTORELEASING = YES;
				CLANG_WARN_BOOL_CONVERSION = YES;
				CLANG_WARN_COMMA = YES;
				CLANG_WARN_CONSTANT_CONVERSION = YES;
				CLANG_WARN_DEPRECATED_OBJC_IMPLEMENTATIONS = YES;
				CLANG_WARN_DIRECT_OBJC_ISA_USAGE = YES_ERROR;
				CLANG_WARN_DOCUMENTATION_COMMENTS = YES;
				CLANG_WARN_EMPTY_BODY = YES;
				CLANG_WARN_ENUM_CONVERSION = YES;
				CLANG_WARN_INFINITE_RECURSION = YES;
				CLANG_WARN_INT_CONVERSION = YES;
				CLANG_WARN_NON_LITERAL_NULL_CONVERSION = YES;
				CLANG_WARN_OBJC_IMPLICIT_RETAIN_SELF = YES;
				CLANG_WARN_OBJC_LITERAL_CONVERSION = YES;
				CLANG_WARN_OBJC_ROOT_CLASS = YES_ERROR;
				CLANG_WARN_QUOTED_INCLUDE_IN_FRAMEWORK_HEADER = YES;
				CLANG_WARN_RANGE_LOOP_ANALYSIS = YES;
				CLANG_WARN_STRICT_PROTOTYPES = YES;
				CLANG_WARN_SUSPICIOUS_MOVE = YES;
				CLANG_WARN_UNGUARDED_AVAILABILITY = YES_AGGRESSIVE;
				CLANG_WARN_UNREACHABLE_CODE = YES;
				CLANG_WARN__DUPLICATE_METHOD_MATCH = YES;
				COPY_PHASE_STRIP = NO;
				DEBUG_INFORMATION_FORMAT = dwarf;
				ENABLE_STRICT_OBJC_MSGSEND = YES;
				ENABLE_TESTABILITY = YES;
				ENABLE_USER_SCRIPT_SANDBOXING = YES;
				GCC_C_LANGUAGE_STANDARD = gnu17;
				GCC_DYNAMIC_NO_PIC = NO;
				GCC_NO_COMMON_BLOCKS = YES;
				GCC_OPTIMIZATION_LEVEL = 0;
				GCC_PREPROCESSOR_DEFINITIONS = (
					"DEBUG=1",
					"$(inherited)",
				);
				GCC_WARN_64_TO_32_BIT_CONVERSION = YES;
				GCC_WARN_ABOUT_RETURN_TYPE = YES_ERROR;
				GCC_WARN_UNDECLARED_SELECTOR = YES;
				GCC_WARN_UNINITIALIZED_AUTOS = YES_AGGRESSIVE;
				GCC_WARN_UNUSED_FUNCTION = YES;
				GCC_WARN_UNUSED_VARIABLE = YES;
				IPHONEOS_DEPLOYMENT_TARGET = 17.2;
				LOCALIZATION_PREFERS_STRING_CATALOGS = YES;
				MTL_ENABLE_DEBUG_INFO = INCLUDE_SOURCE;
				MTL_FAST_MATH = YES;
				ONLY_ACTIVE_ARCH = YES;
				SDKROOT = iphoneos;
				SWIFT_ACTIVE_COMPILATION_CONDITIONS = "DEBUG $(inherited)";
				SWIFT_OPTIMIZATION_LEVEL = "-Onone";
			};
			name = Debug;
		};
		38B342B52C431FC600431AD0 /* Release */ = {
			isa = XCBuildConfiguration;
			buildSettings = {
				ALWAYS_SEARCH_USER_PATHS = NO;
				ASSETCATALOG_COMPILER_GENERATE_SWIFT_ASSET_SYMBOL_EXTENSIONS = YES;
				CLANG_ANALYZER_NONNULL = YES;
				CLANG_ANALYZER_NUMBER_OBJECT_CONVERSION = YES_AGGRESSIVE;
				CLANG_CXX_LANGUAGE_STANDARD = "gnu++20";
				CLANG_ENABLE_MODULES = YES;
				CLANG_ENABLE_OBJC_ARC = YES;
				CLANG_ENABLE_OBJC_WEAK = YES;
				CLANG_WARN_BLOCK_CAPTURE_AUTORELEASING = YES;
				CLANG_WARN_BOOL_CONVERSION = YES;
				CLANG_WARN_COMMA = YES;
				CLANG_WARN_CONSTANT_CONVERSION = YES;
				CLANG_WARN_DEPRECATED_OBJC_IMPLEMENTATIONS = YES;
				CLANG_WARN_DIRECT_OBJC_ISA_USAGE = YES_ERROR;
				CLANG_WARN_DOCUMENTATION_COMMENTS = YES;
				CLANG_WARN_EMPTY_BODY = YES;
				CLANG_WARN_ENUM_CONVERSION = YES;
				CLANG_WARN_INFINITE_RECURSION = YES;
				CLANG_WARN_INT_CONVERSION = YES;
				CLANG_WARN_NON_LITERAL_NULL_CONVERSION = YES;
				CLANG_WARN_OBJC_IMPLICIT_RETAIN_SELF = YES;
				CLANG_WARN_OBJC_LITERAL_CONVERSION = YES;
				CLANG_WARN_OBJC_ROOT_CLASS = YES_ERROR;
				CLANG_WARN_QUOTED_INCLUDE_IN_FRAMEWORK_HEADER = YES;
				CLANG_WARN_RANGE_LOOP_ANALYSIS = YES;
				CLANG_WARN_STRICT_PROTOTYPES = YES;
				CLANG_WARN_SUSPICIOUS_MOVE = YES;
				CLANG_WARN_UNGUARDED_AVAILABILITY = YES_AGGRESSIVE;
				CLANG_WARN_UNREACHABLE_CODE = YES;
				CLANG_WARN__DUPLICATE_METHOD_MATCH = YES;
				COPY_PHASE_STRIP = NO;
				DEBUG_INFORMATION_FORMAT = "dwarf-with-dsym";
				ENABLE_NS_ASSERTIONS = NO;
				ENABLE_STRICT_OBJC_MSGSEND = YES;
				ENABLE_USER_SCRIPT_SANDBOXING = YES;
				GCC_C_LANGUAGE_STANDARD = gnu17;
				GCC_NO_COMMON_BLOCKS = YES;
				GCC_WARN_64_TO_32_BIT_CONVERSION = YES;
				GCC_WARN_ABOUT_RETURN_TYPE = YES_ERROR;
				GCC_WARN_UNDECLARED_SELECTOR = YES;
				GCC_WARN_UNINITIALIZED_AUTOS = YES_AGGRESSIVE;
				GCC_WARN_UNUSED_FUNCTION = YES;
				GCC_WARN_UNUSED_VARIABLE = YES;
				IPHONEOS_DEPLOYMENT_TARGET = 17.2;
				LOCALIZATION_PREFERS_STRING_CATALOGS = YES;
				MTL_ENABLE_DEBUG_INFO = NO;
				MTL_FAST_MATH = YES;
				SDKROOT = iphoneos;
				SWIFT_COMPILATION_MODE = wholemodule;
				VALIDATE_PRODUCT = YES;
			};
			name = Release;
		};
		38B342B72C431FC600431AD0 /* Debug */ = {
			isa = XCBuildConfiguration;
			buildSettings = {
				ASSETCATALOG_COMPILER_APPICON_NAME = AppIcon;
				ASSETCATALOG_COMPILER_GLOBAL_ACCENT_COLOR_NAME = AccentColor;
				CODE_SIGN_STYLE = Automatic;
				CURRENT_PROJECT_VERSION = 1;
				DEVELOPMENT_ASSET_PATHS = "\"ComicsApp/Preview Content\"";
				ENABLE_PREVIEWS = YES;
				GENERATE_INFOPLIST_FILE = YES;
				INFOPLIST_KEY_UIApplicationSceneManifest_Generation = YES;
				INFOPLIST_KEY_UIApplicationSupportsIndirectInputEvents = YES;
				INFOPLIST_KEY_UILaunchScreen_Generation = YES;
				INFOPLIST_KEY_UISupportedInterfaceOrientations_iPad = "UIInterfaceOrientationPortrait UIInterfaceOrientationPortraitUpsideDown UIInterfaceOrientationLandscapeLeft UIInterfaceOrientationLandscapeRight";
				INFOPLIST_KEY_UISupportedInterfaceOrientations_iPhone = "UIInterfaceOrientationPortrait UIInterfaceOrientationLandscapeLeft UIInterfaceOrientationLandscapeRight";
				LD_RUNPATH_SEARCH_PATHS = (
					"$(inherited)",
					"@executable_path/Frameworks",
				);
				MARKETING_VERSION = 1.0;
				PRODUCT_BUNDLE_IDENTIFIER = COP4655.ComicsApp;
				PRODUCT_NAME = "$(TARGET_NAME)";
				SWIFT_EMIT_LOC_STRINGS = YES;
				SWIFT_VERSION = 5.0;
				TARGETED_DEVICE_FAMILY = "1,2";
			};
			name = Debug;
		};
		38B342B82C431FC600431AD0 /* Release */ = {
			isa = XCBuildConfiguration;
			buildSettings = {
				ASSETCATALOG_COMPILER_APPICON_NAME = AppIcon;
				ASSETCATALOG_COMPILER_GLOBAL_ACCENT_COLOR_NAME = AccentColor;
				CODE_SIGN_STYLE = Automatic;
				CURRENT_PROJECT_VERSION = 1;
				DEVELOPMENT_ASSET_PATHS = "\"ComicsApp/Preview Content\"";
				ENABLE_PREVIEWS = YES;
				GENERATE_INFOPLIST_FILE = YES;
				INFOPLIST_KEY_UIApplicationSceneManifest_Generation = YES;
				INFOPLIST_KEY_UIApplicationSupportsIndirectInputEvents = YES;
				INFOPLIST_KEY_UILaunchScreen_Generation = YES;
				INFOPLIST_KEY_UISupportedInterfaceOrientations_iPad = "UIInterfaceOrientationPortrait UIInterfaceOrientationPortraitUpsideDown UIInterfaceOrientationLandscapeLeft UIInterfaceOrientationLandscapeRight";
				INFOPLIST_KEY_UISupportedInterfaceOrientations_iPhone = "UIInterfaceOrientationPortrait UIInterfaceOrientationLandscapeLeft UIInterfaceOrientationLandscapeRight";
				LD_RUNPATH_SEARCH_PATHS = (
					"$(inherited)",
					"@executable_path/Frameworks",
				);
				MARKETING_VERSION = 1.0;
				PRODUCT_BUNDLE_IDENTIFIER = COP4655.ComicsApp;
				PRODUCT_NAME = "$(TARGET_NAME)";
				SWIFT_EMIT_LOC_STRINGS = YES;
				SWIFT_VERSION = 5.0;
				TARGETED_DEVICE_FAMILY = "1,2";
			};
			name = Release;
		};
/* End XCBuildConfiguration section */

/* Begin XCConfigurationList section */
		38B342A32C431FC300431AD0 /* Build configuration list for PBXProject "ComicsApp" */ = {
			isa = XCConfigurationList;
			buildConfigurations = (
				38B342B42C431FC600431AD0 /* Debug */,
				38B342B52C431FC600431AD0 /* Release */,
			);
			defaultConfigurationIsVisible = 0;
			defaultConfigurationName = Release;
		};
		38B342B62C431FC600431AD0 /* Build configuration list for PBXNativeTarget "ComicsApp" */ = {
			isa = XCConfigurationList;
			buildConfigurations = (
				38B342B72C431FC600431AD0 /* Debug */,
				38B342B82C431FC600431AD0 /* Release */,
			);
			defaultConfigurationIsVisible = 0;
			defaultConfigurationName = Release;
		};
/* End XCConfigurationList section */

/* Begin XCRemoteSwiftPackageReference section */
		38B342C32C4332AA00431AD0 /* XCRemoteSwiftPackageReference "firebase-ios-sdk" */ = {
			isa = XCRemoteSwiftPackageReference;
			repositoryURL = "https://github.com/firebase/firebase-ios-sdk";
			requirement = {
				kind = upToNextMajorVersion;
				minimumVersion = 10.29.0;
			};
		};
/* End XCRemoteSwiftPackageReference section */

/* Begin XCSwiftPackageProductDependency section */
		38B342C42C4332AA00431AD0 /* FirebaseAnalytics */ = {
			isa = XCSwiftPackageProductDependency;
			package = 38B342C32C4332AA00431AD0 /* XCRemoteSwiftPackageReference "firebase-ios-sdk" */;
			productName = FirebaseAnalytics;
		};
		38B342C62C4332AA00431AD0 /* FirebaseAnalyticsOnDeviceConversion */ = {
			isa = XCSwiftPackageProductDependency;
			package = 38B342C32C4332AA00431AD0 /* XCRemoteSwiftPackageReference "firebase-ios-sdk" */;
			productName = FirebaseAnalyticsOnDeviceConversion;
		};
		38B342C82C4332AA00431AD0 /* FirebaseAnalyticsSwift */ = {
			isa = XCSwiftPackageProductDependency;
			package = 38B342C32C4332AA00431AD0 /* XCRemoteSwiftPackageReference "firebase-ios-sdk" */;
			productName = FirebaseAnalyticsSwift;
		};
		38B342CA2C4332AA00431AD0 /* FirebaseAnalyticsWithoutAdIdSupport */ = {
			isa = XCSwiftPackageProductDependency;
			package = 38B342C32C4332AA00431AD0 /* XCRemoteSwiftPackageReference "firebase-ios-sdk" */;
			productName = FirebaseAnalyticsWithoutAdIdSupport;
		};
		38B342CC2C4332AA00431AD0 /* FirebaseAppCheck */ = {
			isa = XCSwiftPackageProductDependency;
			package = 38B342C32C4332AA00431AD0 /* XCRemoteSwiftPackageReference "firebase-ios-sdk" */;
			productName = FirebaseAppCheck;
		};
		38B342CE2C4332AA00431AD0 /* FirebaseAppDistribution-Beta */ = {
			isa = XCSwiftPackageProductDependency;
			package = 38B342C32C4332AA00431AD0 /* XCRemoteSwiftPackageReference "firebase-ios-sdk" */;
			productName = "FirebaseAppDistribution-Beta";
		};
		38B342D02C4332AA00431AD0 /* FirebaseAuth */ = {
			isa = XCSwiftPackageProductDependency;
			package = 38B342C32C4332AA00431AD0 /* XCRemoteSwiftPackageReference "firebase-ios-sdk" */;
			productName = FirebaseAuth;
		};
		38B342D22C4332AA00431AD0 /* FirebaseAuthCombine-Community */ = {
			isa = XCSwiftPackageProductDependency;
			package = 38B342C32C4332AA00431AD0 /* XCRemoteSwiftPackageReference "firebase-ios-sdk" */;
			productName = "FirebaseAuthCombine-Community";
		};
		38B342D42C4332AA00431AD0 /* FirebaseCrashlytics */ = {
			isa = XCSwiftPackageProductDependency;
			package = 38B342C32C4332AA00431AD0 /* XCRemoteSwiftPackageReference "firebase-ios-sdk" */;
			productName = FirebaseCrashlytics;
		};
		38B342D62C4332AA00431AD0 /* FirebaseDatabase */ = {
			isa = XCSwiftPackageProductDependency;
			package = 38B342C32C4332AA00431AD0 /* XCRemoteSwiftPackageReference "firebase-ios-sdk" */;
			productName = FirebaseDatabase;
		};
		38B342D82C4332AA00431AD0 /* FirebaseDatabaseSwift */ = {
			isa = XCSwiftPackageProductDependency;
			package = 38B342C32C4332AA00431AD0 /* XCRemoteSwiftPackageReference "firebase-ios-sdk" */;
			productName = FirebaseDatabaseSwift;
		};
/* End XCSwiftPackageProductDependency section */
	};
	rootObject = 38B342A02C431FC300431AD0 /* Project object */;
}
